
Microsoft Visual Studio Solution File, Format Version 12.00
# Visual Studio Version 17
VisualStudioVersion = 17.14.36623.8
MinimumVisualStudioVersion = 10.0.40219.1
Project("{FAE04EC0-301F-11D3-BF4B-00C04F79EFBC}") = "FinanzasPersonales.Api", "FinanzasPersonales.Api\FinanzasPersonales.Api.csproj", "{AF5081D2-1B9C-49F2-988B-E45F9BE2BC7D}"
EndProject
Project("{FAE04EC0-301F-11D3-BF4B-00C04F79EFBC}") = "FinanzasPersonales.Tests", "FinanzasPersonales.Tests\FinanzasPersonales.Tests.csproj", "{080D5F94-4760-43C9-B3C1-39EAB25747B0}"
EndProject
Global
	GlobalSection(SolutionConfigurationPlatforms) = preSolution
		Debug|Any CPU = Debug|Any CPU
		Debug|x64 = Debug|x64
		Debug|x86 = Debug|x86
		Release|Any CPU = Release|Any CPU
		Release|x64 = Release|x64
		Release|x86 = Release|x86
	EndGlobalSection
	GlobalSection(ProjectConfigurationPlatforms) = postSolution
		{AF5081D2-1B9C-49F2-988B-E45F9BE2BC7D}.Debug|Any CPU.ActiveCfg = Debug|Any CPU
		{AF5081D2-1B9C-49F2-988B-E45F9BE2BC7D}.Debug|Any CPU.Build.0 = Debug|Any CPU
		{AF5081D2-1B9C-49F2-988B-E45F9BE2BC7D}.Debug|x64.ActiveCfg = Debug|Any CPU
		{AF5081D2-1B9C-49F2-988B-E45F9BE2BC7D}.Debug|x64.Build.0 = Debug|Any CPU
		{AF5081D2-1B9C-49F2-988B-E45F9BE2BC7D}.Debug|x86.ActiveCfg = Debug|Any CPU
		{AF5081D2-1B9C-49F2-988B-E45F9BE2BC7D}.Debug|x86.Build.0 = Debug|Any CPU
		{AF5081D2-1B9C-49F2-988B-E45F9BE2BC7D}.Release|Any CPU.ActiveCfg = Release|Any CPU
		{AF5081D2-1B9C-49F2-988B-E45F9BE2BC7D}.Release|Any CPU.Build.0 = Release|Any CPU
		{AF5081D2-1B9C-49F2-988B-E45F9BE2BC7D}.Release|x64.ActiveCfg = Release|Any CPU
		{AF5081D2-1B9C-49F2-988B-E45F9BE2BC7D}.Release|x64.Build.0 = Release|Any CPU
		{AF5081D2-1B9C-49F2-988B-E45F9BE2BC7D}.Release|x86.ActiveCfg = Release|Any CPU
		{AF5081D2-1B9C-49F2-988B-E45F9BE2BC7D}.Release|x86.Build.0 = Release|Any CPU
		{080D5F94-4760-43C9-B3C1-39EAB25747B0}.Debug|Any CPU.ActiveCfg = Debug|Any CPU
		{080D5F94-4760-43C9-B3C1-39EAB25747B0}.Debug|Any CPU.Build.0 = Debug|Any CPU
		{080D5F94-4760-43C9-B3C1-39EAB25747B0}.Debug|x64.ActiveCfg = Debug|Any CPU
		{080D5F94-4760-43C9-B3C1-39EAB25747B0}.Debug|x64.Build.0 = Debug|Any CPU
		{080D5F94-4760-43C9-B3C1-39EAB25747B0}.Debug|x86.ActiveCfg = Debug|Any CPU
		{080D5F94-4760-43C9-B3C1-39EAB25747B0}.Debug|x86.Build.0 = Debug|Any CPU
		{080D5F94-4760-43C9-B3C1-39EAB25747B0}.Release|Any CPU.ActiveCfg = Release|Any CPU
		{080D5F94-4760-43C9-B3C1-39EAB25747B0}.Release|Any CPU.Build.0 = Release|Any CPU
		{080D5F94-4760-43C9-B3C1-39EAB25747B0}.Release|x64.ActiveCfg = Release|Any CPU
		{080D5F94-4760-43C9-B3C1-39EAB25747B0}.Release|x64.Build.0 = Release|Any CPU
		{080D5F94-4760-43C9-B3C1-39EAB25747B0}.Release|x86.ActiveCfg = Release|Any CPU
		{080D5F94-4760-43C9-B3C1-39EAB25747B0}.Release|x86.Build.0 = Release|Any CPU
	EndGlobalSection
	GlobalSection(SolutionProperties) = preSolution
		HideSolutionNode = FALSE
	EndGlobalSection
	GlobalSection(ExtensibilityGlobals) = postSolution
		SolutionGuid = {149467BD-107E-42E2-B37B-5B485149F2CA}
	EndGlobalSection
EndGlobal
